
Microsoft Visual Studio Solution File, Format Version 12.00
# Visual Studio Version 16
VisualStudioVersion = 16.0.28803.352
MinimumVisualStudioVersion = 10.0.40219.1
Project("{FAE04EC0-301F-11D3-BF4B-00C04F79EFBC}") = "Bloggy", "Bloggy\Bloggy.csproj", "{DBDAFA79-A4B6-420B-B16E-5C964560E8EF}"
EndProject
Global
	GlobalSection(SolutionConfigurationPlatforms) = preSolution
		Debug|Any CPU = Debug|Any CPU
		Release|Any CPU = Release|Any CPU
	EndGlobalSection
	GlobalSection(ProjectConfigurationPlatforms) = postSolution
		{DBDAFA79-A4B6-420B-B16E-5C964560E8EF}.Debug|Any CPU.ActiveCfg = Debug|Any CPU
		{DBDAFA79-A4B6-420B-B16E-5C964560E8EF}.Debug|Any CPU.Build.0 = Debug|Any CPU
		{DBDAFA79-A4B6-420B-B16E-5C964560E8EF}.Release|Any CPU.ActiveCfg = Release|Any CPU
		{DBDAFA79-A4B6-420B-B16E-5C964560E8EF}.Release|Any CPU.Build.0 = Release|Any CPU
	EndGlobalSection
	GlobalSection(SolutionProperties) = preSolution
		HideSolutionNode = FALSE
	EndGlobalSection
	GlobalSection(ExtensibilityGlobals) = postSolution
		SolutionGuid = {E8454B3A-C932-4830-BB25-C2EF2B374056}
	EndGlobalSection
EndGlobal
